
Microsoft Visual Studio Solution File, Format Version 12.00
# Visual Studio Version 17
VisualStudioVersion = 17.8.34322.80
MinimumVisualStudioVersion = 10.0.40219.1
Project("{8BC9CEB8-8B4A-11D0-8D11-00A0C91BC942}") = "EduEngine", "EduEngine\EduEngine.vcxproj", "{DCD50F7F-E0C5-4FEB-8463-FA3F4318CB9E}"
EndProject
Project("{8BC9CEB8-8B4A-11D0-8D11-00A0C91BC942}") = "Graphics", "Graphics\Graphics.vcxproj", "{21D60465-4DEC-4328-8BFB-480F0FF4ADB5}"
EndProject
Project("{8BC9CEB8-8B4A-11D0-8D11-00A0C91BC942}") = "Graphics.Heaps", "Graphics.Heaps\Graphics.Heaps.vcxproj", "{7A137D9B-B312-46F4-8745-BD7929C0F387}"
EndProject
Project("{8BC9CEB8-8B4A-11D0-8D11-00A0C91BC942}") = "Physics", "Physics\Physics.vcxproj", "{6BBDC0A5-B642-4CA9-BD96-C658942119A5}"
EndProject
Project("{8BC9CEB8-8B4A-11D0-8D11-00A0C91BC942}") = "RenderEngine", "RenderEngine\RenderEngine.vcxproj", "{8F2A71F1-7B8D-42D5-8B91-094EE2CA63CE}"
EndProject
Project("{8BC9CEB8-8B4A-11D0-8D11-00A0C91BC942}") = "EduMath", "EduMath\EduMath.vcxproj", "{8DAF5452-17DB-4977-805A-3F1705C82625}"
EndProject
Project("{8BC9CEB8-8B4A-11D0-8D11-00A0C91BC942}") = "GameplayInterop", "GameplayInterop\GameplayInterop.vcxproj", "{BAEF52FD-6F4C-4A9F-AF7D-27E65F4A9344}"
EndProject
Project("{8BC9CEB8-8B4A-11D0-8D11-00A0C91BC942}") = "CoreInterop", "CoreInterop\CoreInterop.vcxproj", "{8935092F-500C-4078-BAE4-075A0EFE5517}"
EndProject
Project("{9A19103F-16F7-4668-BE54-9A1E7A4F7556}") = "GameplayFramework", "GameplayFramework\GameplayFramework.csproj", "{C5A54D47-3738-4497-B787-7E0FF03DC6AF}"
EndProject
Project("{8BC9CEB8-8B4A-11D0-8D11-00A0C91BC942}") = "InputSystem", "InputSystem\InputSystem.vcxproj", "{32AC94C6-EF33-4ADD-92F9-41270D16E447}"
EndProject
Project("{9A19103F-16F7-4668-BE54-9A1E7A4F7556}") = "Scripts", "Scripts\Scripts.csproj", "{77E2444D-FDA8-4680-BAB5-B19E0E3ABB98}"
EndProject
Project("{9A19103F-16F7-4668-BE54-9A1E7A4F7556}") = "EduEditor", "EduEditor\EduEditor.csproj", "{85F23792-124E-4EA8-AA4E-D734925629F4}"
EndProject
Project("{9A19103F-16F7-4668-BE54-9A1E7A4F7556}") = "ImGui.NET", "ImGui.NET\src\ImGui.NET\ImGui.NET.csproj", "{480E86E5-7059-4751-AFC8-F104ED105A9D}"
EndProject
Project("{9A19103F-16F7-4668-BE54-9A1E7A4F7556}") = "ImGuizmo.NET", "ImGui.NET\src\ImGuizmo.NET\ImGuizmo.NET.csproj", "{591537A4-4F79-4EBC-944F-91A9CED9A8C3}"
EndProject
Project("{FAE04EC0-301F-11D3-BF4B-00C04F79EFBC}") = "AssetManager", "AssetManager\AssetManager.csproj", "{C8D6BF28-84A9-4639-BE86-BA3962F20FF4}"
EndProject
Global
	GlobalSection(SolutionConfigurationPlatforms) = preSolution
		Debug|Any CPU = Debug|Any CPU
		Debug|x64 = Debug|x64
		Debug|x86 = Debug|x86
		Release|Any CPU = Release|Any CPU
		Release|x64 = Release|x64
		Release|x86 = Release|x86
	EndGlobalSection
	GlobalSection(ProjectConfigurationPlatforms) = postSolution
		{DCD50F7F-E0C5-4FEB-8463-FA3F4318CB9E}.Debug|Any CPU.ActiveCfg = Debug|x64
		{DCD50F7F-E0C5-4FEB-8463-FA3F4318CB9E}.Debug|Any CPU.Build.0 = Debug|x64
		{DCD50F7F-E0C5-4FEB-8463-FA3F4318CB9E}.Debug|x64.ActiveCfg = Debug|x64
		{DCD50F7F-E0C5-4FEB-8463-FA3F4318CB9E}.Debug|x64.Build.0 = Debug|x64
		{DCD50F7F-E0C5-4FEB-8463-FA3F4318CB9E}.Debug|x86.ActiveCfg = Debug|Win32
		{DCD50F7F-E0C5-4FEB-8463-FA3F4318CB9E}.Debug|x86.Build.0 = Debug|Win32
		{DCD50F7F-E0C5-4FEB-8463-FA3F4318CB9E}.Release|Any CPU.ActiveCfg = Release|x64
		{DCD50F7F-E0C5-4FEB-8463-FA3F4318CB9E}.Release|Any CPU.Build.0 = Release|x64
		{DCD50F7F-E0C5-4FEB-8463-FA3F4318CB9E}.Release|x64.ActiveCfg = Release|x64
		{DCD50F7F-E0C5-4FEB-8463-FA3F4318CB9E}.Release|x64.Build.0 = Release|x64
		{DCD50F7F-E0C5-4FEB-8463-FA3F4318CB9E}.Release|x86.ActiveCfg = Release|Win32
		{DCD50F7F-E0C5-4FEB-8463-FA3F4318CB9E}.Release|x86.Build.0 = Release|Win32
		{21D60465-4DEC-4328-8BFB-480F0FF4ADB5}.Debug|Any CPU.ActiveCfg = Debug|x64
		{21D60465-4DEC-4328-8BFB-480F0FF4ADB5}.Debug|Any CPU.Build.0 = Debug|x64
		{21D60465-4DEC-4328-8BFB-480F0FF4ADB5}.Debug|x64.ActiveCfg = Debug|x64
		{21D60465-4DEC-4328-8BFB-480F0FF4ADB5}.Debug|x64.Build.0 = Debug|x64
		{21D60465-4DEC-4328-8BFB-480F0FF4ADB5}.Debug|x86.ActiveCfg = Debug|Win32
		{21D60465-4DEC-4328-8BFB-480F0FF4ADB5}.Debug|x86.Build.0 = Debug|Win32
		{21D60465-4DEC-4328-8BFB-480F0FF4ADB5}.Release|Any CPU.ActiveCfg = Release|x64
		{21D60465-4DEC-4328-8BFB-480F0FF4ADB5}.Release|Any CPU.Build.0 = Release|x64
		{21D60465-4DEC-4328-8BFB-480F0FF4ADB5}.Release|x64.ActiveCfg = Release|x64
		{21D60465-4DEC-4328-8BFB-480F0FF4ADB5}.Release|x64.Build.0 = Release|x64
		{21D60465-4DEC-4328-8BFB-480F0FF4ADB5}.Release|x86.ActiveCfg = Release|Win32
		{21D60465-4DEC-4328-8BFB-480F0FF4ADB5}.Release|x86.Build.0 = Release|Win32
		{7A137D9B-B312-46F4-8745-BD7929C0F387}.Debug|Any CPU.ActiveCfg = Debug|x64
		{7A137D9B-B312-46F4-8745-BD7929C0F387}.Debug|Any CPU.Build.0 = Debug|x64
		{7A137D9B-B312-46F4-8745-BD7929C0F387}.Debug|x64.ActiveCfg = Debug|x64
		{7A137D9B-B312-46F4-8745-BD7929C0F387}.Debug|x64.Build.0 = Debug|x64
		{7A137D9B-B312-46F4-8745-BD7929C0F387}.Debug|x86.ActiveCfg = Debug|Win32
		{7A137D9B-B312-46F4-8745-BD7929C0F387}.Debug|x86.Build.0 = Debug|Win32
		{7A137D9B-B312-46F4-8745-BD7929C0F387}.Release|Any CPU.ActiveCfg = Release|x64
		{7A137D9B-B312-46F4-8745-BD7929C0F387}.Release|Any CPU.Build.0 = Release|x64
		{7A137D9B-B312-46F4-8745-BD7929C0F387}.Release|x64.ActiveCfg = Release|x64
		{7A137D9B-B312-46F4-8745-BD7929C0F387}.Release|x64.Build.0 = Release|x64
		{7A137D9B-B312-46F4-8745-BD7929C0F387}.Release|x86.ActiveCfg = Release|Win32
		{7A137D9B-B312-46F4-8745-BD7929C0F387}.Release|x86.Build.0 = Release|Win32
		{6BBDC0A5-B642-4CA9-BD96-C658942119A5}.Debug|Any CPU.ActiveCfg = Debug|x64
		{6BBDC0A5-B642-4CA9-BD96-C658942119A5}.Debug|Any CPU.Build.0 = Debug|x64
		{6BBDC0A5-B642-4CA9-BD96-C658942119A5}.Debug|x64.ActiveCfg = Debug|x64
		{6BBDC0A5-B642-4CA9-BD96-C658942119A5}.Debug|x64.Build.0 = Debug|x64
		{6BBDC0A5-B642-4CA9-BD96-C658942119A5}.Debug|x86.ActiveCfg = Debug|Win32
		{6BBDC0A5-B642-4CA9-BD96-C658942119A5}.Debug|x86.Build.0 = Debug|Win32
		{6BBDC0A5-B642-4CA9-BD96-C658942119A5}.Release|Any CPU.ActiveCfg = Release|x64
		{6BBDC0A5-B642-4CA9-BD96-C658942119A5}.Release|Any CPU.Build.0 = Release|x64
		{6BBDC0A5-B642-4CA9-BD96-C658942119A5}.Release|x64.ActiveCfg = Release|x64
		{6BBDC0A5-B642-4CA9-BD96-C658942119A5}.Release|x64.Build.0 = Release|x64
		{6BBDC0A5-B642-4CA9-BD96-C658942119A5}.Release|x86.ActiveCfg = Release|Win32
		{6BBDC0A5-B642-4CA9-BD96-C658942119A5}.Release|x86.Build.0 = Release|Win32
		{8F2A71F1-7B8D-42D5-8B91-094EE2CA63CE}.Debug|Any CPU.ActiveCfg = Debug|x64
		{8F2A71F1-7B8D-42D5-8B91-094EE2CA63CE}.Debug|Any CPU.Build.0 = Debug|x64
		{8F2A71F1-7B8D-42D5-8B91-094EE2CA63CE}.Debug|x64.ActiveCfg = Debug|x64
		{8F2A71F1-7B8D-42D5-8B91-094EE2CA63CE}.Debug|x64.Build.0 = Debug|x64
		{8F2A71F1-7B8D-42D5-8B91-094EE2CA63CE}.Debug|x86.ActiveCfg = Debug|Win32
		{8F2A71F1-7B8D-42D5-8B91-094EE2CA63CE}.Debug|x86.Build.0 = Debug|Win32
		{8F2A71F1-7B8D-42D5-8B91-094EE2CA63CE}.Release|Any CPU.ActiveCfg = Release|x64
		{8F2A71F1-7B8D-42D5-8B91-094EE2CA63CE}.Release|Any CPU.Build.0 = Release|x64
		{8F2A71F1-7B8D-42D5-8B91-094EE2CA63CE}.Release|x64.ActiveCfg = Release|x64
		{8F2A71F1-7B8D-42D5-8B91-094EE2CA63CE}.Release|x64.Build.0 = Release|x64
		{8F2A71F1-7B8D-42D5-8B91-094EE2CA63CE}.Release|x86.ActiveCfg = Release|Win32
		{8F2A71F1-7B8D-42D5-8B91-094EE2CA63CE}.Release|x86.Build.0 = Release|Win32
		{8DAF5452-17DB-4977-805A-3F1705C82625}.Debug|Any CPU.ActiveCfg = Debug|x64
		{8DAF5452-17DB-4977-805A-3F1705C82625}.Debug|Any CPU.Build.0 = Debug|x64
		{8DAF5452-17DB-4977-805A-3F1705C82625}.Debug|x64.ActiveCfg = Debug|x64
		{8DAF5452-17DB-4977-805A-3F1705C82625}.Debug|x64.Build.0 = Debug|x64
		{8DAF5452-17DB-4977-805A-3F1705C82625}.Debug|x86.ActiveCfg = Debug|Win32
		{8DAF5452-17DB-4977-805A-3F1705C82625}.Debug|x86.Build.0 = Debug|Win32
		{8DAF5452-17DB-4977-805A-3F1705C82625}.Release|Any CPU.ActiveCfg = Release|x64
		{8DAF5452-17DB-4977-805A-3F1705C82625}.Release|Any CPU.Build.0 = Release|x64
		{8DAF5452-17DB-4977-805A-3F1705C82625}.Release|x64.ActiveCfg = Release|x64
		{8DAF5452-17DB-4977-805A-3F1705C82625}.Release|x64.Build.0 = Release|x64
		{8DAF5452-17DB-4977-805A-3F1705C82625}.Release|x86.ActiveCfg = Release|Win32
		{8DAF5452-17DB-4977-805A-3F1705C82625}.Release|x86.Build.0 = Release|Win32
		{BAEF52FD-6F4C-4A9F-AF7D-27E65F4A9344}.Debug|Any CPU.ActiveCfg = Debug|x64
		{BAEF52FD-6F4C-4A9F-AF7D-27E65F4A9344}.Debug|Any CPU.Build.0 = Debug|x64
		{BAEF52FD-6F4C-4A9F-AF7D-27E65F4A9344}.Debug|x64.ActiveCfg = Debug|x64
		{BAEF52FD-6F4C-4A9F-AF7D-27E65F4A9344}.Debug|x64.Build.0 = Debug|x64
		{BAEF52FD-6F4C-4A9F-AF7D-27E65F4A9344}.Debug|x86.ActiveCfg = Debug|Win32
		{BAEF52FD-6F4C-4A9F-AF7D-27E65F4A9344}.Debug|x86.Build.0 = Debug|Win32
		{BAEF52FD-6F4C-4A9F-AF7D-27E65F4A9344}.Release|Any CPU.ActiveCfg = Release|x64
		{BAEF52FD-6F4C-4A9F-AF7D-27E65F4A9344}.Release|Any CPU.Build.0 = Release|x64
		{BAEF52FD-6F4C-4A9F-AF7D-27E65F4A9344}.Release|x64.ActiveCfg = Release|x64
		{BAEF52FD-6F4C-4A9F-AF7D-27E65F4A9344}.Release|x64.Build.0 = Release|x64
		{BAEF52FD-6F4C-4A9F-AF7D-27E65F4A9344}.Release|x86.ActiveCfg = Release|Win32
		{BAEF52FD-6F4C-4A9F-AF7D-27E65F4A9344}.Release|x86.Build.0 = Release|Win32
		{8935092F-500C-4078-BAE4-075A0EFE5517}.Debug|Any CPU.ActiveCfg = Debug|x64
		{8935092F-500C-4078-BAE4-075A0EFE5517}.Debug|Any CPU.Build.0 = Debug|x64
		{8935092F-500C-4078-BAE4-075A0EFE5517}.Debug|x64.ActiveCfg = Debug|x64
		{8935092F-500C-4078-BAE4-075A0EFE5517}.Debug|x64.Build.0 = Debug|x64
		{8935092F-500C-4078-BAE4-075A0EFE5517}.Debug|x86.ActiveCfg = Debug|Win32
		{8935092F-500C-4078-BAE4-075A0EFE5517}.Debug|x86.Build.0 = Debug|Win32
		{8935092F-500C-4078-BAE4-075A0EFE5517}.Release|Any CPU.ActiveCfg = Release|x64
		{8935092F-500C-4078-BAE4-075A0EFE5517}.Release|Any CPU.Build.0 = Release|x64
		{8935092F-500C-4078-BAE4-075A0EFE5517}.Release|x64.ActiveCfg = Release|x64
		{8935092F-500C-4078-BAE4-075A0EFE5517}.Release|x64.Build.0 = Release|x64
		{8935092F-500C-4078-BAE4-075A0EFE5517}.Release|x86.ActiveCfg = Release|Win32
		{8935092F-500C-4078-BAE4-075A0EFE5517}.Release|x86.Build.0 = Release|Win32
		{C5A54D47-3738-4497-B787-7E0FF03DC6AF}.Debug|Any CPU.ActiveCfg = Debug|Any CPU
		{C5A54D47-3738-4497-B787-7E0FF03DC6AF}.Debug|Any CPU.Build.0 = Debug|Any CPU
		{C5A54D47-3738-4497-B787-7E0FF03DC6AF}.Debug|x64.ActiveCfg = Debug|Any CPU
		{C5A54D47-3738-4497-B787-7E0FF03DC6AF}.Debug|x64.Build.0 = Debug|Any CPU
		{C5A54D47-3738-4497-B787-7E0FF03DC6AF}.Debug|x86.ActiveCfg = Debug|Any CPU
		{C5A54D47-3738-4497-B787-7E0FF03DC6AF}.Debug|x86.Build.0 = Debug|Any CPU
		{C5A54D47-3738-4497-B787-7E0FF03DC6AF}.Release|Any CPU.ActiveCfg = Release|Any CPU
		{C5A54D47-3738-4497-B787-7E0FF03DC6AF}.Release|Any CPU.Build.0 = Release|Any CPU
		{C5A54D47-3738-4497-B787-7E0FF03DC6AF}.Release|x64.ActiveCfg = Release|Any CPU
		{C5A54D47-3738-4497-B787-7E0FF03DC6AF}.Release|x64.Build.0 = Release|Any CPU
		{C5A54D47-3738-4497-B787-7E0FF03DC6AF}.Release|x86.ActiveCfg = Release|Any CPU
		{C5A54D47-3738-4497-B787-7E0FF03DC6AF}.Release|x86.Build.0 = Release|Any CPU
		{32AC94C6-EF33-4ADD-92F9-41270D16E447}.Debug|Any CPU.ActiveCfg = Debug|x64
		{32AC94C6-EF33-4ADD-92F9-41270D16E447}.Debug|Any CPU.Build.0 = Debug|x64
		{32AC94C6-EF33-4ADD-92F9-41270D16E447}.Debug|x64.ActiveCfg = Debug|x64
		{32AC94C6-EF33-4ADD-92F9-41270D16E447}.Debug|x64.Build.0 = Debug|x64
		{32AC94C6-EF33-4ADD-92F9-41270D16E447}.Debug|x86.ActiveCfg = Debug|Win32
		{32AC94C6-EF33-4ADD-92F9-41270D16E447}.Debug|x86.Build.0 = Debug|Win32
		{32AC94C6-EF33-4ADD-92F9-41270D16E447}.Release|Any CPU.ActiveCfg = Release|x64
		{32AC94C6-EF33-4ADD-92F9-41270D16E447}.Release|Any CPU.Build.0 = Release|x64
		{32AC94C6-EF33-4ADD-92F9-41270D16E447}.Release|x64.ActiveCfg = Release|x64
		{32AC94C6-EF33-4ADD-92F9-41270D16E447}.Release|x64.Build.0 = Release|x64
		{32AC94C6-EF33-4ADD-92F9-41270D16E447}.Release|x86.ActiveCfg = Release|Win32
		{32AC94C6-EF33-4ADD-92F9-41270D16E447}.Release|x86.Build.0 = Release|Win32
		{77E2444D-FDA8-4680-BAB5-B19E0E3ABB98}.Debug|Any CPU.ActiveCfg = Debug|Any CPU
		{77E2444D-FDA8-4680-BAB5-B19E0E3ABB98}.Debug|Any CPU.Build.0 = Debug|Any CPU
		{77E2444D-FDA8-4680-BAB5-B19E0E3ABB98}.Debug|x64.ActiveCfg = Debug|Any CPU
		{77E2444D-FDA8-4680-BAB5-B19E0E3ABB98}.Debug|x64.Build.0 = Debug|Any CPU
		{77E2444D-FDA8-4680-BAB5-B19E0E3ABB98}.Debug|x86.ActiveCfg = Debug|Any CPU
		{77E2444D-FDA8-4680-BAB5-B19E0E3ABB98}.Debug|x86.Build.0 = Debug|Any CPU
		{77E2444D-FDA8-4680-BAB5-B19E0E3ABB98}.Release|Any CPU.ActiveCfg = Release|Any CPU
		{77E2444D-FDA8-4680-BAB5-B19E0E3ABB98}.Release|Any CPU.Build.0 = Release|Any CPU
		{77E2444D-FDA8-4680-BAB5-B19E0E3ABB98}.Release|x64.ActiveCfg = Release|Any CPU
		{77E2444D-FDA8-4680-BAB5-B19E0E3ABB98}.Release|x64.Build.0 = Release|Any CPU
		{77E2444D-FDA8-4680-BAB5-B19E0E3ABB98}.Release|x86.ActiveCfg = Release|Any CPU
		{77E2444D-FDA8-4680-BAB5-B19E0E3ABB98}.Release|x86.Build.0 = Release|Any CPU
		{85F23792-124E-4EA8-AA4E-D734925629F4}.Debug|Any CPU.ActiveCfg = Debug|Any CPU
		{85F23792-124E-4EA8-AA4E-D734925629F4}.Debug|Any CPU.Build.0 = Debug|Any CPU
		{85F23792-124E-4EA8-AA4E-D734925629F4}.Debug|x64.ActiveCfg = Debug|Any CPU
		{85F23792-124E-4EA8-AA4E-D734925629F4}.Debug|x64.Build.0 = Debug|Any CPU
		{85F23792-124E-4EA8-AA4E-D734925629F4}.Debug|x86.ActiveCfg = Debug|Any CPU
		{85F23792-124E-4EA8-AA4E-D734925629F4}.Debug|x86.Build.0 = Debug|Any CPU
		{85F23792-124E-4EA8-AA4E-D734925629F4}.Release|Any CPU.ActiveCfg = Release|Any CPU
		{85F23792-124E-4EA8-AA4E-D734925629F4}.Release|Any CPU.Build.0 = Release|Any CPU
		{85F23792-124E-4EA8-AA4E-D734925629F4}.Release|x64.ActiveCfg = Release|Any CPU
		{85F23792-124E-4EA8-AA4E-D734925629F4}.Release|x64.Build.0 = Release|Any CPU
		{85F23792-124E-4EA8-AA4E-D734925629F4}.Release|x86.ActiveCfg = Release|Any CPU
		{85F23792-124E-4EA8-AA4E-D734925629F4}.Release|x86.Build.0 = Release|Any CPU
		{480E86E5-7059-4751-AFC8-F104ED105A9D}.Debug|Any CPU.ActiveCfg = Debug|Any CPU
		{480E86E5-7059-4751-AFC8-F104ED105A9D}.Debug|Any CPU.Build.0 = Debug|Any CPU
		{480E86E5-7059-4751-AFC8-F104ED105A9D}.Debug|x64.ActiveCfg = Debug|Any CPU
		{480E86E5-7059-4751-AFC8-F104ED105A9D}.Debug|x64.Build.0 = Debug|Any CPU
		{480E86E5-7059-4751-AFC8-F104ED105A9D}.Debug|x86.ActiveCfg = Debug|Any CPU
		{480E86E5-7059-4751-AFC8-F104ED105A9D}.Debug|x86.Build.0 = Debug|Any CPU
		{480E86E5-7059-4751-AFC8-F104ED105A9D}.Release|Any CPU.ActiveCfg = Release|Any CPU
		{480E86E5-7059-4751-AFC8-F104ED105A9D}.Release|Any CPU.Build.0 = Release|Any CPU
		{480E86E5-7059-4751-AFC8-F104ED105A9D}.Release|x64.ActiveCfg = Release|Any CPU
		{480E86E5-7059-4751-AFC8-F104ED105A9D}.Release|x64.Build.0 = Release|Any CPU
		{480E86E5-7059-4751-AFC8-F104ED105A9D}.Release|x86.ActiveCfg = Release|Any CPU
		{480E86E5-7059-4751-AFC8-F104ED105A9D}.Release|x86.Build.0 = Release|Any CPU
		{591537A4-4F79-4EBC-944F-91A9CED9A8C3}.Debug|Any CPU.ActiveCfg = Debug|Any CPU
		{591537A4-4F79-4EBC-944F-91A9CED9A8C3}.Debug|Any CPU.Build.0 = Debug|Any CPU
		{591537A4-4F79-4EBC-944F-91A9CED9A8C3}.Debug|x64.ActiveCfg = Debug|Any CPU
		{591537A4-4F79-4EBC-944F-91A9CED9A8C3}.Debug|x64.Build.0 = Debug|Any CPU
		{591537A4-4F79-4EBC-944F-91A9CED9A8C3}.Debug|x86.ActiveCfg = Debug|Any CPU
		{591537A4-4F79-4EBC-944F-91A9CED9A8C3}.Debug|x86.Build.0 = Debug|Any CPU
		{591537A4-4F79-4EBC-944F-91A9CED9A8C3}.Release|Any CPU.ActiveCfg = Release|Any CPU
		{591537A4-4F79-4EBC-944F-91A9CED9A8C3}.Release|Any CPU.Build.0 = Release|Any CPU
		{591537A4-4F79-4EBC-944F-91A9CED9A8C3}.Release|x64.ActiveCfg = Release|Any CPU
		{591537A4-4F79-4EBC-944F-91A9CED9A8C3}.Release|x64.Build.0 = Release|Any CPU
		{591537A4-4F79-4EBC-944F-91A9CED9A8C3}.Release|x86.ActiveCfg = Release|Any CPU
		{591537A4-4F79-4EBC-944F-91A9CED9A8C3}.Release|x86.Build.0 = Release|Any CPU
		{C8D6BF28-84A9-4639-BE86-BA3962F20FF4}.Debug|Any CPU.ActiveCfg = Debug|Any CPU
		{C8D6BF28-84A9-4639-BE86-BA3962F20FF4}.Debug|Any CPU.Build.0 = Debug|Any CPU
		{C8D6BF28-84A9-4639-BE86-BA3962F20FF4}.Debug|x64.ActiveCfg = Debug|Any CPU
		{C8D6BF28-84A9-4639-BE86-BA3962F20FF4}.Debug|x64.Build.0 = Debug|Any CPU
		{C8D6BF28-84A9-4639-BE86-BA3962F20FF4}.Debug|x86.ActiveCfg = Debug|Any CPU
		{C8D6BF28-84A9-4639-BE86-BA3962F20FF4}.Debug|x86.Build.0 = Debug|Any CPU
		{C8D6BF28-84A9-4639-BE86-BA3962F20FF4}.Release|Any CPU.ActiveCfg = Release|Any CPU
		{C8D6BF28-84A9-4639-BE86-BA3962F20FF4}.Release|Any CPU.Build.0 = Release|Any CPU
		{C8D6BF28-84A9-4639-BE86-BA3962F20FF4}.Release|x64.ActiveCfg = Release|Any CPU
		{C8D6BF28-84A9-4639-BE86-BA3962F20FF4}.Release|x64.Build.0 = Release|Any CPU
		{C8D6BF28-84A9-4639-BE86-BA3962F20FF4}.Release|x86.ActiveCfg = Release|Any CPU
		{C8D6BF28-84A9-4639-BE86-BA3962F20FF4}.Release|x86.Build.0 = Release|Any CPU
	EndGlobalSection
	GlobalSection(SolutionProperties) = preSolution
		HideSolutionNode = FALSE
	EndGlobalSection
	GlobalSection(ExtensibilityGlobals) = postSolution
		SolutionGuid = {A8DF988D-19E4-4B5A-BC2F-0C2153E45F96}
	EndGlobalSection
EndGlobal
