
Microsoft Visual Studio Solution File, Format Version 12.00
# Visual Studio Version 17
VisualStudioVersion = 17.8.34322.80
MinimumVisualStudioVersion = 10.0.40219.1
Project("{8BC9CEB8-8B4A-11D0-8D11-00A0C91BC942}") = "EduEngine", "EduEngine\EduEngine.vcxproj", "{DCD50F7F-E0C5-4FEB-8463-FA3F4318CB9E}"
EndProject
Project("{9A19103F-16F7-4668-BE54-9A1E7A4F7556}") = "EduEditor", "Modules\EduEditor\EduEditor.csproj", "{51161516-384E-4C35-A597-166D5290C3BB}"
EndProject
Project("{8BC9CEB8-8B4A-11D0-8D11-00A0C91BC942}") = "GameplayInterop", "Modules\GameplayInterop\GameplayInterop.vcxproj", "{BAEF52FD-6F4C-4A9F-AF7D-27E65F4A9344}"
	ProjectSection(ProjectDependencies) = postProject
		{51161516-384E-4C35-A597-166D5290C3BB} = {51161516-384E-4C35-A597-166D5290C3BB}
		{DFAD73F5-A689-439B-A6E2-1D1E165CF622} = {DFAD73F5-A689-439B-A6E2-1D1E165CF622}
	EndProjectSection
EndProject
Project("{8BC9CEB8-8B4A-11D0-8D11-00A0C91BC942}") = "RenderEngine", "Modules\RenderEngine\RenderEngine.vcxproj", "{8F2A71F1-7B8D-42D5-8B91-094EE2CA63CE}"
EndProject
Project("{9A19103F-16F7-4668-BE54-9A1E7A4F7556}") = "AssetManager", "Modules\AssetManager\AssetManager.csproj", "{F273EDDC-3A76-455A-8D3B-94A043981944}"
EndProject
Project("{8BC9CEB8-8B4A-11D0-8D11-00A0C91BC942}") = "Physics", "Modules\Physics\Physics.vcxproj", "{6BBDC0A5-B642-4CA9-BD96-C658942119A5}"
EndProject
Project("{8BC9CEB8-8B4A-11D0-8D11-00A0C91BC942}") = "Graphics", "Modules\Graphics\Graphics.vcxproj", "{21D60465-4DEC-4328-8BFB-480F0FF4ADB5}"
EndProject
Project("{8BC9CEB8-8B4A-11D0-8D11-00A0C91BC942}") = "CoreInterop", "Modules\CoreInterop\CoreInterop.vcxproj", "{8935092F-500C-4078-BAE4-075A0EFE5517}"
EndProject
Project("{8BC9CEB8-8B4A-11D0-8D11-00A0C91BC942}") = "EduMath", "Modules\EduMath\EduMath.vcxproj", "{8DAF5452-17DB-4977-805A-3F1705C82625}"
EndProject
Project("{8BC9CEB8-8B4A-11D0-8D11-00A0C91BC942}") = "Graphics.Heaps", "Modules\Graphics.Heaps\Graphics.Heaps.vcxproj", "{7A137D9B-B312-46F4-8745-BD7929C0F387}"
EndProject
Project("{9A19103F-16F7-4668-BE54-9A1E7A4F7556}") = "ImGui.NET", "Modules\ImGui.NET\src\ImGui.NET\ImGui.NET.csproj", "{0B7F4AAB-1BFC-4419-9981-900A6C0E4688}"
EndProject
Project("{9A19103F-16F7-4668-BE54-9A1E7A4F7556}") = "ImGuizmo.NET", "Modules\ImGui.NET\src\ImGuizmo.NET\ImGuizmo.NET.csproj", "{6A23D491-B808-4847-811B-100C35091B5F}"
EndProject
Project("{8BC9CEB8-8B4A-11D0-8D11-00A0C91BC942}") = "InputSystem", "Modules\InputSystem\InputSystem.vcxproj", "{32AC94C6-EF33-4ADD-92F9-41270D16E447}"
EndProject
Project("{9A19103F-16F7-4668-BE54-9A1E7A4F7556}") = "GameplayFramework", "Modules\GameplayFramework\GameplayFramework.csproj", "{DFAD73F5-A689-439B-A6E2-1D1E165CF622}"
EndProject
Project("{9A19103F-16F7-4668-BE54-9A1E7A4F7556}") = "BananaParty.BehaviorTree", "Modules\BananaParty.BehaviorTree\BananaParty.BehaviorTree.csproj", "{A067408B-B045-4833-B80C-BBF77FC9E5B7}"
EndProject
Global
	GlobalSection(SolutionConfigurationPlatforms) = preSolution
		Debug|Any CPU = Debug|Any CPU
		Debug|x64 = Debug|x64
		Debug|x86 = Debug|x86
		Release|Any CPU = Release|Any CPU
		Release|x64 = Release|x64
		Release|x86 = Release|x86
	EndGlobalSection
	GlobalSection(ProjectConfigurationPlatforms) = postSolution
		{DCD50F7F-E0C5-4FEB-8463-FA3F4318CB9E}.Debug|Any CPU.ActiveCfg = Debug|x64
		{DCD50F7F-E0C5-4FEB-8463-FA3F4318CB9E}.Debug|Any CPU.Build.0 = Debug|x64
		{DCD50F7F-E0C5-4FEB-8463-FA3F4318CB9E}.Debug|x64.ActiveCfg = Debug|x64
		{DCD50F7F-E0C5-4FEB-8463-FA3F4318CB9E}.Debug|x64.Build.0 = Debug|x64
		{DCD50F7F-E0C5-4FEB-8463-FA3F4318CB9E}.Debug|x86.ActiveCfg = Debug|Win32
		{DCD50F7F-E0C5-4FEB-8463-FA3F4318CB9E}.Debug|x86.Build.0 = Debug|Win32
		{DCD50F7F-E0C5-4FEB-8463-FA3F4318CB9E}.Release|Any CPU.ActiveCfg = Release|x64
		{DCD50F7F-E0C5-4FEB-8463-FA3F4318CB9E}.Release|Any CPU.Build.0 = Release|x64
		{DCD50F7F-E0C5-4FEB-8463-FA3F4318CB9E}.Release|x64.ActiveCfg = Release|x64
		{DCD50F7F-E0C5-4FEB-8463-FA3F4318CB9E}.Release|x64.Build.0 = Release|x64
		{DCD50F7F-E0C5-4FEB-8463-FA3F4318CB9E}.Release|x86.ActiveCfg = Release|Win32
		{DCD50F7F-E0C5-4FEB-8463-FA3F4318CB9E}.Release|x86.Build.0 = Release|Win32
		{51161516-384E-4C35-A597-166D5290C3BB}.Debug|Any CPU.ActiveCfg = Debug|Any CPU
		{51161516-384E-4C35-A597-166D5290C3BB}.Debug|Any CPU.Build.0 = Debug|Any CPU
		{51161516-384E-4C35-A597-166D5290C3BB}.Debug|x64.ActiveCfg = Debug|Any CPU
		{51161516-384E-4C35-A597-166D5290C3BB}.Debug|x64.Build.0 = Debug|Any CPU
		{51161516-384E-4C35-A597-166D5290C3BB}.Debug|x86.ActiveCfg = Debug|Any CPU
		{51161516-384E-4C35-A597-166D5290C3BB}.Debug|x86.Build.0 = Debug|Any CPU
		{51161516-384E-4C35-A597-166D5290C3BB}.Release|Any CPU.ActiveCfg = Release|Any CPU
		{51161516-384E-4C35-A597-166D5290C3BB}.Release|Any CPU.Build.0 = Release|Any CPU
		{51161516-384E-4C35-A597-166D5290C3BB}.Release|x64.ActiveCfg = Release|Any CPU
		{51161516-384E-4C35-A597-166D5290C3BB}.Release|x64.Build.0 = Release|Any CPU
		{51161516-384E-4C35-A597-166D5290C3BB}.Release|x86.ActiveCfg = Release|Any CPU
		{51161516-384E-4C35-A597-166D5290C3BB}.Release|x86.Build.0 = Release|Any CPU
		{BAEF52FD-6F4C-4A9F-AF7D-27E65F4A9344}.Debug|Any CPU.ActiveCfg = Debug|x64
		{BAEF52FD-6F4C-4A9F-AF7D-27E65F4A9344}.Debug|Any CPU.Build.0 = Debug|x64
		{BAEF52FD-6F4C-4A9F-AF7D-27E65F4A9344}.Debug|x64.ActiveCfg = Debug|x64
		{BAEF52FD-6F4C-4A9F-AF7D-27E65F4A9344}.Debug|x64.Build.0 = Debug|x64
		{BAEF52FD-6F4C-4A9F-AF7D-27E65F4A9344}.Debug|x86.ActiveCfg = Debug|Win32
		{BAEF52FD-6F4C-4A9F-AF7D-27E65F4A9344}.Debug|x86.Build.0 = Debug|Win32
		{BAEF52FD-6F4C-4A9F-AF7D-27E65F4A9344}.Release|Any CPU.ActiveCfg = Release|x64
		{BAEF52FD-6F4C-4A9F-AF7D-27E65F4A9344}.Release|Any CPU.Build.0 = Release|x64
		{BAEF52FD-6F4C-4A9F-AF7D-27E65F4A9344}.Release|x64.ActiveCfg = Release|x64
		{BAEF52FD-6F4C-4A9F-AF7D-27E65F4A9344}.Release|x64.Build.0 = Release|x64
		{BAEF52FD-6F4C-4A9F-AF7D-27E65F4A9344}.Release|x86.ActiveCfg = Release|Win32
		{BAEF52FD-6F4C-4A9F-AF7D-27E65F4A9344}.Release|x86.Build.0 = Release|Win32
		{8F2A71F1-7B8D-42D5-8B91-094EE2CA63CE}.Debug|Any CPU.ActiveCfg = Debug|x64
		{8F2A71F1-7B8D-42D5-8B91-094EE2CA63CE}.Debug|Any CPU.Build.0 = Debug|x64
		{8F2A71F1-7B8D-42D5-8B91-094EE2CA63CE}.Debug|x64.ActiveCfg = Debug|x64
		{8F2A71F1-7B8D-42D5-8B91-094EE2CA63CE}.Debug|x64.Build.0 = Debug|x64
		{8F2A71F1-7B8D-42D5-8B91-094EE2CA63CE}.Debug|x86.ActiveCfg = Debug|Win32
		{8F2A71F1-7B8D-42D5-8B91-094EE2CA63CE}.Debug|x86.Build.0 = Debug|Win32
		{8F2A71F1-7B8D-42D5-8B91-094EE2CA63CE}.Release|Any CPU.ActiveCfg = Release|x64
		{8F2A71F1-7B8D-42D5-8B91-094EE2CA63CE}.Release|Any CPU.Build.0 = Release|x64
		{8F2A71F1-7B8D-42D5-8B91-094EE2CA63CE}.Release|x64.ActiveCfg = Release|x64
		{8F2A71F1-7B8D-42D5-8B91-094EE2CA63CE}.Release|x64.Build.0 = Release|x64
		{8F2A71F1-7B8D-42D5-8B91-094EE2CA63CE}.Release|x86.ActiveCfg = Release|Win32
		{8F2A71F1-7B8D-42D5-8B91-094EE2CA63CE}.Release|x86.Build.0 = Release|Win32
		{F273EDDC-3A76-455A-8D3B-94A043981944}.Debug|Any CPU.ActiveCfg = Debug|Any CPU
		{F273EDDC-3A76-455A-8D3B-94A043981944}.Debug|Any CPU.Build.0 = Debug|Any CPU
		{F273EDDC-3A76-455A-8D3B-94A043981944}.Debug|x64.ActiveCfg = Debug|Any CPU
		{F273EDDC-3A76-455A-8D3B-94A043981944}.Debug|x64.Build.0 = Debug|Any CPU
		{F273EDDC-3A76-455A-8D3B-94A043981944}.Debug|x86.ActiveCfg = Debug|Any CPU
		{F273EDDC-3A76-455A-8D3B-94A043981944}.Debug|x86.Build.0 = Debug|Any CPU
		{F273EDDC-3A76-455A-8D3B-94A043981944}.Release|Any CPU.ActiveCfg = Release|Any CPU
		{F273EDDC-3A76-455A-8D3B-94A043981944}.Release|Any CPU.Build.0 = Release|Any CPU
		{F273EDDC-3A76-455A-8D3B-94A043981944}.Release|x64.ActiveCfg = Release|Any CPU
		{F273EDDC-3A76-455A-8D3B-94A043981944}.Release|x64.Build.0 = Release|Any CPU
		{F273EDDC-3A76-455A-8D3B-94A043981944}.Release|x86.ActiveCfg = Release|Any CPU
		{F273EDDC-3A76-455A-8D3B-94A043981944}.Release|x86.Build.0 = Release|Any CPU
		{6BBDC0A5-B642-4CA9-BD96-C658942119A5}.Debug|Any CPU.ActiveCfg = Debug|x64
		{6BBDC0A5-B642-4CA9-BD96-C658942119A5}.Debug|Any CPU.Build.0 = Debug|x64
		{6BBDC0A5-B642-4CA9-BD96-C658942119A5}.Debug|x64.ActiveCfg = Debug|x64
		{6BBDC0A5-B642-4CA9-BD96-C658942119A5}.Debug|x64.Build.0 = Debug|x64
		{6BBDC0A5-B642-4CA9-BD96-C658942119A5}.Debug|x86.ActiveCfg = Debug|Win32
		{6BBDC0A5-B642-4CA9-BD96-C658942119A5}.Debug|x86.Build.0 = Debug|Win32
		{6BBDC0A5-B642-4CA9-BD96-C658942119A5}.Release|Any CPU.ActiveCfg = Release|x64
		{6BBDC0A5-B642-4CA9-BD96-C658942119A5}.Release|Any CPU.Build.0 = Release|x64
		{6BBDC0A5-B642-4CA9-BD96-C658942119A5}.Release|x64.ActiveCfg = Release|x64
		{6BBDC0A5-B642-4CA9-BD96-C658942119A5}.Release|x64.Build.0 = Release|x64
		{6BBDC0A5-B642-4CA9-BD96-C658942119A5}.Release|x86.ActiveCfg = Release|Win32
		{6BBDC0A5-B642-4CA9-BD96-C658942119A5}.Release|x86.Build.0 = Release|Win32
		{21D60465-4DEC-4328-8BFB-480F0FF4ADB5}.Debug|Any CPU.ActiveCfg = Debug|x64
		{21D60465-4DEC-4328-8BFB-480F0FF4ADB5}.Debug|Any CPU.Build.0 = Debug|x64
		{21D60465-4DEC-4328-8BFB-480F0FF4ADB5}.Debug|x64.ActiveCfg = Debug|x64
		{21D60465-4DEC-4328-8BFB-480F0FF4ADB5}.Debug|x64.Build.0 = Debug|x64
		{21D60465-4DEC-4328-8BFB-480F0FF4ADB5}.Debug|x86.ActiveCfg = Debug|Win32
		{21D60465-4DEC-4328-8BFB-480F0FF4ADB5}.Debug|x86.Build.0 = Debug|Win32
		{21D60465-4DEC-4328-8BFB-480F0FF4ADB5}.Release|Any CPU.ActiveCfg = Release|x64
		{21D60465-4DEC-4328-8BFB-480F0FF4ADB5}.Release|Any CPU.Build.0 = Release|x64
		{21D60465-4DEC-4328-8BFB-480F0FF4ADB5}.Release|x64.ActiveCfg = Release|x64
		{21D60465-4DEC-4328-8BFB-480F0FF4ADB5}.Release|x64.Build.0 = Release|x64
		{21D60465-4DEC-4328-8BFB-480F0FF4ADB5}.Release|x86.ActiveCfg = Release|Win32
		{21D60465-4DEC-4328-8BFB-480F0FF4ADB5}.Release|x86.Build.0 = Release|Win32
		{8935092F-500C-4078-BAE4-075A0EFE5517}.Debug|Any CPU.ActiveCfg = Debug|x64
		{8935092F-500C-4078-BAE4-075A0EFE5517}.Debug|Any CPU.Build.0 = Debug|x64
		{8935092F-500C-4078-BAE4-075A0EFE5517}.Debug|x64.ActiveCfg = Debug|x64
		{8935092F-500C-4078-BAE4-075A0EFE5517}.Debug|x64.Build.0 = Debug|x64
		{8935092F-500C-4078-BAE4-075A0EFE5517}.Debug|x86.ActiveCfg = Debug|Win32
		{8935092F-500C-4078-BAE4-075A0EFE5517}.Debug|x86.Build.0 = Debug|Win32
		{8935092F-500C-4078-BAE4-075A0EFE5517}.Release|Any CPU.ActiveCfg = Release|x64
		{8935092F-500C-4078-BAE4-075A0EFE5517}.Release|Any CPU.Build.0 = Release|x64
		{8935092F-500C-4078-BAE4-075A0EFE5517}.Release|x64.ActiveCfg = Release|x64
		{8935092F-500C-4078-BAE4-075A0EFE5517}.Release|x64.Build.0 = Release|x64
		{8935092F-500C-4078-BAE4-075A0EFE5517}.Release|x86.ActiveCfg = Release|Win32
		{8935092F-500C-4078-BAE4-075A0EFE5517}.Release|x86.Build.0 = Release|Win32
		{8DAF5452-17DB-4977-805A-3F1705C82625}.Debug|Any CPU.ActiveCfg = Debug|x64
		{8DAF5452-17DB-4977-805A-3F1705C82625}.Debug|Any CPU.Build.0 = Debug|x64
		{8DAF5452-17DB-4977-805A-3F1705C82625}.Debug|x64.ActiveCfg = Debug|x64
		{8DAF5452-17DB-4977-805A-3F1705C82625}.Debug|x64.Build.0 = Debug|x64
		{8DAF5452-17DB-4977-805A-3F1705C82625}.Debug|x86.ActiveCfg = Debug|Win32
		{8DAF5452-17DB-4977-805A-3F1705C82625}.Debug|x86.Build.0 = Debug|Win32
		{8DAF5452-17DB-4977-805A-3F1705C82625}.Release|Any CPU.ActiveCfg = Release|x64
		{8DAF5452-17DB-4977-805A-3F1705C82625}.Release|Any CPU.Build.0 = Release|x64
		{8DAF5452-17DB-4977-805A-3F1705C82625}.Release|x64.ActiveCfg = Release|x64
		{8DAF5452-17DB-4977-805A-3F1705C82625}.Release|x64.Build.0 = Release|x64
		{8DAF5452-17DB-4977-805A-3F1705C82625}.Release|x86.ActiveCfg = Release|Win32
		{8DAF5452-17DB-4977-805A-3F1705C82625}.Release|x86.Build.0 = Release|Win32
		{7A137D9B-B312-46F4-8745-BD7929C0F387}.Debug|Any CPU.ActiveCfg = Debug|x64
		{7A137D9B-B312-46F4-8745-BD7929C0F387}.Debug|Any CPU.Build.0 = Debug|x64
		{7A137D9B-B312-46F4-8745-BD7929C0F387}.Debug|x64.ActiveCfg = Debug|x64
		{7A137D9B-B312-46F4-8745-BD7929C0F387}.Debug|x64.Build.0 = Debug|x64
		{7A137D9B-B312-46F4-8745-BD7929C0F387}.Debug|x86.ActiveCfg = Debug|Win32
		{7A137D9B-B312-46F4-8745-BD7929C0F387}.Debug|x86.Build.0 = Debug|Win32
		{7A137D9B-B312-46F4-8745-BD7929C0F387}.Release|Any CPU.ActiveCfg = Release|x64
		{7A137D9B-B312-46F4-8745-BD7929C0F387}.Release|Any CPU.Build.0 = Release|x64
		{7A137D9B-B312-46F4-8745-BD7929C0F387}.Release|x64.ActiveCfg = Release|x64
		{7A137D9B-B312-46F4-8745-BD7929C0F387}.Release|x64.Build.0 = Release|x64
		{7A137D9B-B312-46F4-8745-BD7929C0F387}.Release|x86.ActiveCfg = Release|Win32
		{7A137D9B-B312-46F4-8745-BD7929C0F387}.Release|x86.Build.0 = Release|Win32
		{0B7F4AAB-1BFC-4419-9981-900A6C0E4688}.Debug|Any CPU.ActiveCfg = Debug|Any CPU
		{0B7F4AAB-1BFC-4419-9981-900A6C0E4688}.Debug|Any CPU.Build.0 = Debug|Any CPU
		{0B7F4AAB-1BFC-4419-9981-900A6C0E4688}.Debug|x64.ActiveCfg = Debug|Any CPU
		{0B7F4AAB-1BFC-4419-9981-900A6C0E4688}.Debug|x64.Build.0 = Debug|Any CPU
		{0B7F4AAB-1BFC-4419-9981-900A6C0E4688}.Debug|x86.ActiveCfg = Debug|Any CPU
		{0B7F4AAB-1BFC-4419-9981-900A6C0E4688}.Debug|x86.Build.0 = Debug|Any CPU
		{0B7F4AAB-1BFC-4419-9981-900A6C0E4688}.Release|Any CPU.ActiveCfg = Release|Any CPU
		{0B7F4AAB-1BFC-4419-9981-900A6C0E4688}.Release|Any CPU.Build.0 = Release|Any CPU
		{0B7F4AAB-1BFC-4419-9981-900A6C0E4688}.Release|x64.ActiveCfg = Release|Any CPU
		{0B7F4AAB-1BFC-4419-9981-900A6C0E4688}.Release|x64.Build.0 = Release|Any CPU
		{0B7F4AAB-1BFC-4419-9981-900A6C0E4688}.Release|x86.ActiveCfg = Release|Any CPU
		{0B7F4AAB-1BFC-4419-9981-900A6C0E4688}.Release|x86.Build.0 = Release|Any CPU
		{6A23D491-B808-4847-811B-100C35091B5F}.Debug|Any CPU.ActiveCfg = Debug|Any CPU
		{6A23D491-B808-4847-811B-100C35091B5F}.Debug|Any CPU.Build.0 = Debug|Any CPU
		{6A23D491-B808-4847-811B-100C35091B5F}.Debug|x64.ActiveCfg = Debug|Any CPU
		{6A23D491-B808-4847-811B-100C35091B5F}.Debug|x64.Build.0 = Debug|Any CPU
		{6A23D491-B808-4847-811B-100C35091B5F}.Debug|x86.ActiveCfg = Debug|Any CPU
		{6A23D491-B808-4847-811B-100C35091B5F}.Debug|x86.Build.0 = Debug|Any CPU
		{6A23D491-B808-4847-811B-100C35091B5F}.Release|Any CPU.ActiveCfg = Release|Any CPU
		{6A23D491-B808-4847-811B-100C35091B5F}.Release|Any CPU.Build.0 = Release|Any CPU
		{6A23D491-B808-4847-811B-100C35091B5F}.Release|x64.ActiveCfg = Release|Any CPU
		{6A23D491-B808-4847-811B-100C35091B5F}.Release|x64.Build.0 = Release|Any CPU
		{6A23D491-B808-4847-811B-100C35091B5F}.Release|x86.ActiveCfg = Release|Any CPU
		{6A23D491-B808-4847-811B-100C35091B5F}.Release|x86.Build.0 = Release|Any CPU
		{32AC94C6-EF33-4ADD-92F9-41270D16E447}.Debug|Any CPU.ActiveCfg = Debug|x64
		{32AC94C6-EF33-4ADD-92F9-41270D16E447}.Debug|Any CPU.Build.0 = Debug|x64
		{32AC94C6-EF33-4ADD-92F9-41270D16E447}.Debug|x64.ActiveCfg = Debug|x64
		{32AC94C6-EF33-4ADD-92F9-41270D16E447}.Debug|x64.Build.0 = Debug|x64
		{32AC94C6-EF33-4ADD-92F9-41270D16E447}.Debug|x86.ActiveCfg = Debug|Win32
		{32AC94C6-EF33-4ADD-92F9-41270D16E447}.Debug|x86.Build.0 = Debug|Win32
		{32AC94C6-EF33-4ADD-92F9-41270D16E447}.Release|Any CPU.ActiveCfg = Release|x64
		{32AC94C6-EF33-4ADD-92F9-41270D16E447}.Release|Any CPU.Build.0 = Release|x64
		{32AC94C6-EF33-4ADD-92F9-41270D16E447}.Release|x64.ActiveCfg = Release|x64
		{32AC94C6-EF33-4ADD-92F9-41270D16E447}.Release|x64.Build.0 = Release|x64
		{32AC94C6-EF33-4ADD-92F9-41270D16E447}.Release|x86.ActiveCfg = Release|Win32
		{32AC94C6-EF33-4ADD-92F9-41270D16E447}.Release|x86.Build.0 = Release|Win32
		{DFAD73F5-A689-439B-A6E2-1D1E165CF622}.Debug|Any CPU.ActiveCfg = Debug|Any CPU
		{DFAD73F5-A689-439B-A6E2-1D1E165CF622}.Debug|Any CPU.Build.0 = Debug|Any CPU
		{DFAD73F5-A689-439B-A6E2-1D1E165CF622}.Debug|x64.ActiveCfg = Debug|Any CPU
		{DFAD73F5-A689-439B-A6E2-1D1E165CF622}.Debug|x64.Build.0 = Debug|Any CPU
		{DFAD73F5-A689-439B-A6E2-1D1E165CF622}.Debug|x86.ActiveCfg = Debug|Any CPU
		{DFAD73F5-A689-439B-A6E2-1D1E165CF622}.Debug|x86.Build.0 = Debug|Any CPU
		{DFAD73F5-A689-439B-A6E2-1D1E165CF622}.Release|Any CPU.ActiveCfg = Release|Any CPU
		{DFAD73F5-A689-439B-A6E2-1D1E165CF622}.Release|Any CPU.Build.0 = Release|Any CPU
		{DFAD73F5-A689-439B-A6E2-1D1E165CF622}.Release|x64.ActiveCfg = Release|Any CPU
		{DFAD73F5-A689-439B-A6E2-1D1E165CF622}.Release|x64.Build.0 = Release|Any CPU
		{DFAD73F5-A689-439B-A6E2-1D1E165CF622}.Release|x86.ActiveCfg = Release|Any CPU
		{DFAD73F5-A689-439B-A6E2-1D1E165CF622}.Release|x86.Build.0 = Release|Any CPU
		{A067408B-B045-4833-B80C-BBF77FC9E5B7}.Debug|Any CPU.ActiveCfg = Debug|Any CPU
		{A067408B-B045-4833-B80C-BBF77FC9E5B7}.Debug|Any CPU.Build.0 = Debug|Any CPU
		{A067408B-B045-4833-B80C-BBF77FC9E5B7}.Debug|x64.ActiveCfg = Debug|Any CPU
		{A067408B-B045-4833-B80C-BBF77FC9E5B7}.Debug|x64.Build.0 = Debug|Any CPU
		{A067408B-B045-4833-B80C-BBF77FC9E5B7}.Debug|x86.ActiveCfg = Debug|Any CPU
		{A067408B-B045-4833-B80C-BBF77FC9E5B7}.Debug|x86.Build.0 = Debug|Any CPU
		{A067408B-B045-4833-B80C-BBF77FC9E5B7}.Release|Any CPU.ActiveCfg = Release|Any CPU
		{A067408B-B045-4833-B80C-BBF77FC9E5B7}.Release|Any CPU.Build.0 = Release|Any CPU
		{A067408B-B045-4833-B80C-BBF77FC9E5B7}.Release|x64.ActiveCfg = Release|Any CPU
		{A067408B-B045-4833-B80C-BBF77FC9E5B7}.Release|x64.Build.0 = Release|Any CPU
		{A067408B-B045-4833-B80C-BBF77FC9E5B7}.Release|x86.ActiveCfg = Release|Any CPU
		{A067408B-B045-4833-B80C-BBF77FC9E5B7}.Release|x86.Build.0 = Release|Any CPU
	EndGlobalSection
	GlobalSection(SolutionProperties) = preSolution
		HideSolutionNode = FALSE
	EndGlobalSection
	GlobalSection(ExtensibilityGlobals) = postSolution
		SolutionGuid = {A8DF988D-19E4-4B5A-BC2F-0C2153E45F96}
	EndGlobalSection
EndGlobal
