<?xml version="1.0" encoding="utf-8"?>
<Project ToolsVersion="4.0" xmlns="http://schemas.microsoft.com/developer/msbuild/2003">
  <ItemGroup>
    <Filter Include="Source Files">
      <UniqueIdentifier>{4FC737F1-C7A5-4376-A066-2A32D752A2FF}</UniqueIdentifier>
      <Extensions>cpp;c;cc;cxx;c++;cppm;ixx;def;odl;idl;hpj;bat;asm;asmx</Extensions>
    </Filter>
    <Filter Include="Header Files">
      <UniqueIdentifier>{93995380-89BD-4b04-88EB-625FBE52EBFB}</UniqueIdentifier>
      <Extensions>h;hh;hpp;hxx;h++;hm;inl;inc;ipp;xsd</Extensions>
    </Filter>
    <Filter Include="Resource Files">
      <UniqueIdentifier>{67DA6AB6-F800-4c08-8B7A-83BB121AAD01}</UniqueIdentifier>
      <Extensions>rc;ico;cur;bmp;dlg;rc2;rct;bin;rgs;gif;jpg;jpeg;jpe;resx;tiff;tif;png;wav;mfcribbon-ms</Extensions>
    </Filter>
    <Filter Include="RenderEngine">
      <UniqueIdentifier>{8a47c76e-b66c-410a-9cf7-c909db1f53a0}</UniqueIdentifier>
    </Filter>
    <Filter Include="Physics">
      <UniqueIdentifier>{9fad9a40-c7bf-4be7-a38b-2cf7c88e30cb}</UniqueIdentifier>
    </Filter>
    <Filter Include="InputSystem">
      <UniqueIdentifier>{9243c7ca-739e-48ea-a934-d55b5294d374}</UniqueIdentifier>
    </Filter>
  </ItemGroup>
  <ItemGroup>
    <ClInclude Include="Resource.h">
      <Filter>Header Files</Filter>
    </ClInclude>
    <ClInclude Include="CoreSystems.h">
      <Filter>Header Files</Filter>
    </ClInclude>
    <ClInclude Include="RenderEngine\MeshData.h">
      <Filter>RenderEngine</Filter>
    </ClInclude>
    <ClInclude Include="RenderEngine\RenderEngineInterop.h">
      <Filter>RenderEngine</Filter>
    </ClInclude>
    <ClInclude Include="Physics\PhysicsWorldInterop.h">
      <Filter>Physics</Filter>
    </ClInclude>
    <ClInclude Include="Physics\NativePhysicsShapeWrapper.h">
      <Filter>Physics</Filter>
    </ClInclude>
    <ClInclude Include="Physics\NativePhysicsObjectWrapper.h">
      <Filter>Physics</Filter>
    </ClInclude>
    <ClInclude Include="Physics\ColliderData.h">
      <Filter>Physics</Filter>
    </ClInclude>
    <ClInclude Include="RenderEngine\NativeRenderObjectWrapper.h">
      <Filter>RenderEngine</Filter>
    </ClInclude>
    <ClInclude Include="RenderEngine\NativeCameraWrapper.h">
      <Filter>RenderEngine</Filter>
    </ClInclude>
    <ClInclude Include="InputSystem\InputSystemInterop.h">
      <Filter>InputSystem</Filter>
    </ClInclude>
    <ClInclude Include="InputSystem\TimerInterop.h">
      <Filter>InputSystem</Filter>
    </ClInclude>
  </ItemGroup>
  <ItemGroup>
    <ClCompile Include="AssemblyInfo.cpp">
      <Filter>Source Files</Filter>
    </ClCompile>
    <ClCompile Include="CoreSystems.cpp">
      <Filter>Source Files</Filter>
    </ClCompile>
    <ClCompile Include="RenderEngine\RenderEngineInterop.cpp">
      <Filter>RenderEngine</Filter>
    </ClCompile>
    <ClCompile Include="Physics\NativePhysicsObjectWrapper.cpp">
      <Filter>Physics</Filter>
    </ClCompile>
    <ClCompile Include="Physics\NativePhysicsShapeWrapper.cpp">
      <Filter>Physics</Filter>
    </ClCompile>
    <ClCompile Include="Physics\PhysicsWorldInterop.cpp">
      <Filter>Physics</Filter>
    </ClCompile>
    <ClCompile Include="RenderEngine\NativeRenderObjectWrapper.cpp">
      <Filter>RenderEngine</Filter>
    </ClCompile>
    <ClCompile Include="RenderEngine\NativeCameraWrapper.cpp">
      <Filter>RenderEngine</Filter>
    </ClCompile>
    <ClCompile Include="InputSystem\InputSystemInterop.cpp">
      <Filter>InputSystem</Filter>
    </ClCompile>
    <ClCompile Include="InputSystem\TimerInterop.cpp">
      <Filter>InputSystem</Filter>
    </ClCompile>
  </ItemGroup>
  <ItemGroup>
    <ResourceCompile Include="app.rc">
      <Filter>Resource Files</Filter>
    </ResourceCompile>
  </ItemGroup>
  <ItemGroup>
    <Image Include="app.ico">
      <Filter>Resource Files</Filter>
    </Image>
  </ItemGroup>
</Project>